
Microsoft Visual Studio Solution File, Format Version 12.00
# Visual Studio Version 17
VisualStudioVersion = 17.0.31903.59
MinimumVisualStudioVersion = 10.0.40219.1
Project("{2150E333-8FDC-42A3-9474-1A3956D46DE8}") = "Sources", "Sources", "{CFF1BF8E-DA88-49D3-B3E9-57ACDEDF9432}"
EndProject
Project("{FAE04EC0-301F-11D3-BF4B-00C04F79EFBC}") = "Web", "Sources\Web\Web.csproj", "{D7A6B77D-FF1A-43AC-BD8F-B97D09B148F0}"
EndProject
Global
	GlobalSection(SolutionConfigurationPlatforms) = preSolution
		Debug|Any CPU = Debug|Any CPU
		Release|Any CPU = Release|Any CPU
	EndGlobalSection
	GlobalSection(SolutionProperties) = preSolution
		HideSolutionNode = FALSE
	EndGlobalSection
	GlobalSection(ProjectConfigurationPlatforms) = postSolution
		{D7A6B77D-FF1A-43AC-BD8F-B97D09B148F0}.Debug|Any CPU.ActiveCfg = Debug|Any CPU
		{D7A6B77D-FF1A-43AC-BD8F-B97D09B148F0}.Debug|Any CPU.Build.0 = Debug|Any CPU
		{D7A6B77D-FF1A-43AC-BD8F-B97D09B148F0}.Release|Any CPU.ActiveCfg = Release|Any CPU
		{D7A6B77D-FF1A-43AC-BD8F-B97D09B148F0}.Release|Any CPU.Build.0 = Release|Any CPU
	EndGlobalSection
	GlobalSection(NestedProjects) = preSolution
		{D7A6B77D-FF1A-43AC-BD8F-B97D09B148F0} = {CFF1BF8E-DA88-49D3-B3E9-57ACDEDF9432}
	EndGlobalSection
EndGlobal
